
Microsoft Visual Studio Solution File, Format Version 12.00
# Visual Studio 2012
Project("{2150E333-8FDC-42A3-9474-1A3956D46DE8}") = ".nuget", ".nuget", "{FBAB8623-788B-4C60-BF56-C4A8E5173A33}"
	ProjectSection(SolutionItems) = preProject
		.nuget\NuGet.exe = .nuget\NuGet.exe
		.nuget\NuGet.targets = .nuget\NuGet.targets
	EndProjectSection
EndProject
Project("{FAE04EC0-301F-11D3-BF4B-00C04F79EFBC}") = "PhoneBook", "PhoneBook\PhoneBook.csproj", "{3717EE49-A90C-4845-A38F-2082FDB2E8EE}"
EndProject
Global
	GlobalSection(SolutionConfigurationPlatforms) = preSolution
		Debug|Any CPU = Debug|Any CPU
		Release|Any CPU = Release|Any CPU
	EndGlobalSection
	GlobalSection(ProjectConfigurationPlatforms) = postSolution
		{3717EE49-A90C-4845-A38F-2082FDB2E8EE}.Debug|Any CPU.ActiveCfg = Debug|Any CPU
		{3717EE49-A90C-4845-A38F-2082FDB2E8EE}.Debug|Any CPU.Build.0 = Debug|Any CPU
		{3717EE49-A90C-4845-A38F-2082FDB2E8EE}.Release|Any CPU.ActiveCfg = Release|Any CPU
		{3717EE49-A90C-4845-A38F-2082FDB2E8EE}.Release|Any CPU.Build.0 = Release|Any CPU
	EndGlobalSection
	GlobalSection(SolutionProperties) = preSolution
		HideSolutionNode = FALSE
	EndGlobalSection
EndGlobal
